{
   "name": "echo_server_over_redis",
   "lockfileVersion": 2,
   "requires": true,
   "packages": {
      "": {
         "dependencies": {
            "redis": "^4.2.0"
         }
      },
      "node_modules/@redis/bloom": {
         "version": "1.0.2",
         "resolved": "https://registry.npmjs.org/@redis/bloom/-/bloom-1.0.2.tgz",
         "integrity": "sha512-EBw7Ag1hPgFzdznK2PBblc1kdlj5B5Cw3XwI9/oG7tSn85/HKy3X9xHy/8tm/eNXJYHLXHJL/pkwBpFMVVefkw==",
         "peerDependencies": {
            "@redis/client": "^1.0.0"
         }
      },
      "node_modules/@redis/client": {
         "version": "1.2.0",
         "resolved": "https://registry.npmjs.org/@redis/client/-/client-1.2.0.tgz",
         "integrity": "sha512-a8Nlw5fv2EIAFJxTDSSDVUT7yfBGpZO96ybZXzQpgkyLg/dxtQ1uiwTc0EGfzg1mrPjZokeBSEGTbGXekqTNOg==",
         "dependencies": {
            "cluster-key-slot": "1.1.0",
            "generic-pool": "3.8.2",
            "yallist": "4.0.0"
         },
         "engines": {
            "node": ">=14"
         }
      },
      "node_modules/@redis/graph": {
         "version": "1.0.1",
         "resolved": "https://registry.npmjs.org/@redis/graph/-/graph-1.0.1.tgz",
         "integrity": "sha512-oDE4myMCJOCVKYMygEMWuriBgqlS5FqdWerikMoJxzmmTUErnTRRgmIDa2VcgytACZMFqpAOWDzops4DOlnkfQ==",
         "peerDependencies": {
            "@redis/client": "^1.0.0"
         }
      },
      "node_modules/@redis/json": {
         "version": "1.0.3",
         "resolved": "https://registry.npmjs.org/@redis/json/-/json-1.0.3.tgz",
         "integrity": "sha512-4X0Qv0BzD9Zlb0edkUoau5c1bInWSICqXAGrpwEltkncUwcxJIGEcVryZhLgb0p/3PkKaLIWkjhHRtLe9yiA7Q==",
         "peerDependencies": {
            "@redis/client": "^1.0.0"
         }
      },
      "node_modules/@redis/search": {
         "version": "1.0.6",
         "resolved": "https://registry.npmjs.org/@redis/search/-/search-1.0.6.tgz",
         "integrity": "sha512-pP+ZQRis5P21SD6fjyCeLcQdps+LuTzp2wdUbzxEmNhleighDDTD5ck8+cYof+WLec4csZX7ks+BuoMw0RaZrA==",
         "peerDependencies": {
            "@redis/client": "^1.0.0"
         }
      },
      "node_modules/@redis/time-series": {
         "version": "1.0.3",
         "resolved": "https://registry.npmjs.org/@redis/time-series/-/time-series-1.0.3.tgz",
         "integrity": "sha512-OFp0q4SGrTH0Mruf6oFsHGea58u8vS/iI5+NpYdicaM+7BgqBZH8FFvNZ8rYYLrUO/QRqMq72NpXmxLVNcdmjA==",
         "peerDependencies": {
            "@redis/client": "^1.0.0"
         }
      },
      "node_modules/cluster-key-slot": {
         "version": "1.1.0",
         "resolved": "https://registry.npmjs.org/cluster-key-slot/-/cluster-key-slot-1.1.0.tgz",
         "integrity": "sha512-2Nii8p3RwAPiFwsnZvukotvow2rIHM+yQ6ZcBXGHdniadkYGZYiGmkHJIbZPIV9nfv7m/U1IPMVVcAhoWFeklw==",
         "engines": {
            "node": ">=0.10.0"
         }
      },
      "node_modules/generic-pool": {
         "version": "3.8.2",
         "resolved": "https://registry.npmjs.org/generic-pool/-/generic-pool-3.8.2.tgz",
         "integrity": "sha512-nGToKy6p3PAbYQ7p1UlWl6vSPwfwU6TMSWK7TTu+WUY4ZjyZQGniGGt2oNVvyNSpyZYSB43zMXVLcBm08MTMkg==",
         "engines": {
            "node": ">= 4"
         }
      },
      "node_modules/redis": {
         "version": "4.2.0",
         "resolved": "https://registry.npmjs.org/redis/-/redis-4.2.0.tgz",
         "integrity": "sha512-bCR0gKVhIXFg8zCQjXEANzgI01DDixtPZgIUZHBCmwqixnu+MK3Tb2yqGjh+HCLASQVVgApiwhNkv+FoedZOGQ==",
         "dependencies": {
            "@redis/bloom": "1.0.2",
            "@redis/client": "1.2.0",
            "@redis/graph": "1.0.1",
            "@redis/json": "1.0.3",
            "@redis/search": "1.0.6",
            "@redis/time-series": "1.0.3"
         }
      },
      "node_modules/yallist": {
         "version": "4.0.0",
         "resolved": "https://registry.npmjs.org/yallist/-/yallist-4.0.0.tgz",
         "integrity": "sha512-3wdGidZyq5PB084XLES5TpOSRA3wjXAlIWMhum2kRcv/41Sn2emQ0dycQW4uZXLejwKvg6EsvbdlVL+FYEct7A=="
      }
   },
   "dependencies": {
      "@redis/bloom": {
         "version": "1.0.2",
         "resolved": "https://registry.npmjs.org/@redis/bloom/-/bloom-1.0.2.tgz",
         "integrity": "sha512-EBw7Ag1hPgFzdznK2PBblc1kdlj5B5Cw3XwI9/oG7tSn85/HKy3X9xHy/8tm/eNXJYHLXHJL/pkwBpFMVVefkw==",
         "requires": {}
      },
      "@redis/client": {
         "version": "1.2.0",
         "resolved": "https://registry.npmjs.org/@redis/client/-/client-1.2.0.tgz",
         "integrity": "sha512-a8Nlw5fv2EIAFJxTDSSDVUT7yfBGpZO96ybZXzQpgkyLg/dxtQ1uiwTc0EGfzg1mrPjZokeBSEGTbGXekqTNOg==",
         "requires": {
            "cluster-key-slot": "1.1.0",
            "generic-pool": "3.8.2",
            "yallist": "4.0.0"
         }
      },
      "@redis/graph": {
         "version": "1.0.1",
         "resolved": "https://registry.npmjs.org/@redis/graph/-/graph-1.0.1.tgz",
         "integrity": "sha512-oDE4myMCJOCVKYMygEMWuriBgqlS5FqdWerikMoJxzmmTUErnTRRgmIDa2VcgytACZMFqpAOWDzops4DOlnkfQ==",
         "requires": {}
      },
      "@redis/json": {
         "version": "1.0.3",
         "resolved": "https://registry.npmjs.org/@redis/json/-/json-1.0.3.tgz",
         "integrity": "sha512-4X0Qv0BzD9Zlb0edkUoau5c1bInWSICqXAGrpwEltkncUwcxJIGEcVryZhLgb0p/3PkKaLIWkjhHRtLe9yiA7Q==",
         "requires": {}
      },
      "@redis/search": {
         "version": "1.0.6",
         "resolved": "https://registry.npmjs.org/@redis/search/-/search-1.0.6.tgz",
         "integrity": "sha512-pP+ZQRis5P21SD6fjyCeLcQdps+LuTzp2wdUbzxEmNhleighDDTD5ck8+cYof+WLec4csZX7ks+BuoMw0RaZrA==",
         "requires": {}
      },
      "@redis/time-series": {
         "version": "1.0.3",
         "resolved": "https://registry.npmjs.org/@redis/time-series/-/time-series-1.0.3.tgz",
         "integrity": "sha512-OFp0q4SGrTH0Mruf6oFsHGea58u8vS/iI5+NpYdicaM+7BgqBZH8FFvNZ8rYYLrUO/QRqMq72NpXmxLVNcdmjA==",
         "requires": {}
      },
      "cluster-key-slot": {
         "version": "1.1.0",
         "resolved": "https://registry.npmjs.org/cluster-key-slot/-/cluster-key-slot-1.1.0.tgz",
         "integrity": "sha512-2Nii8p3RwAPiFwsnZvukotvow2rIHM+yQ6ZcBXGHdniadkYGZYiGmkHJIbZPIV9nfv7m/U1IPMVVcAhoWFeklw=="
      },
      "generic-pool": {
         "version": "3.8.2",
         "resolved": "https://registry.npmjs.org/generic-pool/-/generic-pool-3.8.2.tgz",
         "integrity": "sha512-nGToKy6p3PAbYQ7p1UlWl6vSPwfwU6TMSWK7TTu+WUY4ZjyZQGniGGt2oNVvyNSpyZYSB43zMXVLcBm08MTMkg=="
      },
      "redis": {
         "version": "4.2.0",
         "resolved": "https://registry.npmjs.org/redis/-/redis-4.2.0.tgz",
         "integrity": "sha512-bCR0gKVhIXFg8zCQjXEANzgI01DDixtPZgIUZHBCmwqixnu+MK3Tb2yqGjh+HCLASQVVgApiwhNkv+FoedZOGQ==",
         "requires": {
            "@redis/bloom": "1.0.2",
            "@redis/client": "1.2.0",
            "@redis/graph": "1.0.1",
            "@redis/json": "1.0.3",
            "@redis/search": "1.0.6",
            "@redis/time-series": "1.0.3"
         }
      },
      "yallist": {
         "version": "4.0.0",
         "resolved": "https://registry.npmjs.org/yallist/-/yallist-4.0.0.tgz",
         "integrity": "sha512-3wdGidZyq5PB084XLES5TpOSRA3wjXAlIWMhum2kRcv/41Sn2emQ0dycQW4uZXLejwKvg6EsvbdlVL+FYEct7A=="
      }
   }
}
